
Microsoft Visual Studio Solution File, Format Version 12.00
# Visual Studio 15
VisualStudioVersion = 15.0.26730.15
MinimumVisualStudioVersion = 10.0.40219.1
Project("{FAE04EC0-301F-11D3-BF4B-00C04F79EFBC}") = "git branching", "git branching\git branching.csproj", "{8A0FACD7-6807-451B-8122-06DA4835A2E4}"
EndProject
Global
	GlobalSection(SolutionConfigurationPlatforms) = preSolution
		Debug|Any CPU = Debug|Any CPU
		Release|Any CPU = Release|Any CPU
	EndGlobalSection
	GlobalSection(ProjectConfigurationPlatforms) = postSolution
		{8A0FACD7-6807-451B-8122-06DA4835A2E4}.Debug|Any CPU.ActiveCfg = Debug|Any CPU
		{8A0FACD7-6807-451B-8122-06DA4835A2E4}.Debug|Any CPU.Build.0 = Debug|Any CPU
		{8A0FACD7-6807-451B-8122-06DA4835A2E4}.Release|Any CPU.ActiveCfg = Release|Any CPU
		{8A0FACD7-6807-451B-8122-06DA4835A2E4}.Release|Any CPU.Build.0 = Release|Any CPU
	EndGlobalSection
	GlobalSection(SolutionProperties) = preSolution
		HideSolutionNode = FALSE
	EndGlobalSection
	GlobalSection(ExtensibilityGlobals) = postSolution
		SolutionGuid = {655FE008-FFC5-49A2-B400-04F9B2B9A735}
	EndGlobalSection
EndGlobal
